
Microsoft Visual Studio Solution File, Format Version 12.00
Project("{FAE04EC0-301F-11D3-BF4B-00C04F79EFBC}") = "gRPC-Client", "gRPC-Client\gRPC-Client.csproj", "{942F4059-54D3-4E8E-88CF-DA386D3C151D}"
EndProject
Project("{FAE04EC0-301F-11D3-BF4B-00C04F79EFBC}") = "gRPC-Server", "gRPC-Server\gRPC-Server.csproj", "{C75F3F9B-17AA-4A60-AC36-F8D548125359}"
EndProject
Global
	GlobalSection(SolutionConfigurationPlatforms) = preSolution
		Debug|Any CPU = Debug|Any CPU
		Release|Any CPU = Release|Any CPU
	EndGlobalSection
	GlobalSection(ProjectConfigurationPlatforms) = postSolution
		{942F4059-54D3-4E8E-88CF-DA386D3C151D}.Debug|Any CPU.ActiveCfg = Debug|Any CPU
		{942F4059-54D3-4E8E-88CF-DA386D3C151D}.Debug|Any CPU.Build.0 = Debug|Any CPU
		{942F4059-54D3-4E8E-88CF-DA386D3C151D}.Release|Any CPU.ActiveCfg = Release|Any CPU
		{942F4059-54D3-4E8E-88CF-DA386D3C151D}.Release|Any CPU.Build.0 = Release|Any CPU
		{C75F3F9B-17AA-4A60-AC36-F8D548125359}.Debug|Any CPU.ActiveCfg = Debug|Any CPU
		{C75F3F9B-17AA-4A60-AC36-F8D548125359}.Debug|Any CPU.Build.0 = Debug|Any CPU
		{C75F3F9B-17AA-4A60-AC36-F8D548125359}.Release|Any CPU.ActiveCfg = Release|Any CPU
		{C75F3F9B-17AA-4A60-AC36-F8D548125359}.Release|Any CPU.Build.0 = Release|Any CPU
	EndGlobalSection
EndGlobal
